
Microsoft Visual Studio Solution File, Format Version 12.00
# Visual Studio Version 17
VisualStudioVersion = 17.10.34916.146
MinimumVisualStudioVersion = 10.0.40219.1
Project("{9A19103F-16F7-4668-BE54-9A1E7A4F7556}") = "BackendChallenge.Api", "BackendChallenge.Api\BackendChallenge.Api.csproj", "{F116E33E-E16F-4A66-A80F-BEF71A1789C7}"
EndProject
Project("{9A19103F-16F7-4668-BE54-9A1E7A4F7556}") = "BackendChallenge.MicroServices", "BackendChallenge.MicroServices\BackendChallenge.MicroServices.csproj", "{75D10BCB-E86C-4C63-A92B-0CDBCE54029F}"
EndProject
Project("{2150E333-8FDC-42A3-9474-1A3956D46DE8}") = "Solution Items", "Solution Items", "{5B6B5C6F-C1EA-4019-9850-A130A44EB86F}"
	ProjectSection(SolutionItems) = preProject
		.editorconfig = .editorconfig
	EndProjectSection
EndProject
Global
	GlobalSection(SolutionConfigurationPlatforms) = preSolution
		Debug|Any CPU = Debug|Any CPU
		Release|Any CPU = Release|Any CPU
	EndGlobalSection
	GlobalSection(ProjectConfigurationPlatforms) = postSolution
		{F116E33E-E16F-4A66-A80F-BEF71A1789C7}.Debug|Any CPU.ActiveCfg = Debug|Any CPU
		{F116E33E-E16F-4A66-A80F-BEF71A1789C7}.Debug|Any CPU.Build.0 = Debug|Any CPU
		{F116E33E-E16F-4A66-A80F-BEF71A1789C7}.Release|Any CPU.ActiveCfg = Release|Any CPU
		{F116E33E-E16F-4A66-A80F-BEF71A1789C7}.Release|Any CPU.Build.0 = Release|Any CPU
		{75D10BCB-E86C-4C63-A92B-0CDBCE54029F}.Debug|Any CPU.ActiveCfg = Debug|Any CPU
		{75D10BCB-E86C-4C63-A92B-0CDBCE54029F}.Debug|Any CPU.Build.0 = Debug|Any CPU
		{75D10BCB-E86C-4C63-A92B-0CDBCE54029F}.Release|Any CPU.ActiveCfg = Release|Any CPU
		{75D10BCB-E86C-4C63-A92B-0CDBCE54029F}.Release|Any CPU.Build.0 = Release|Any CPU
	EndGlobalSection
	GlobalSection(SolutionProperties) = preSolution
		HideSolutionNode = FALSE
	EndGlobalSection
	GlobalSection(ExtensibilityGlobals) = postSolution
		SolutionGuid = {42CE6BC3-B3CF-43DF-988E-FCB337C5CCF1}
	EndGlobalSection
EndGlobal
